
Microsoft Visual Studio Solution File, Format Version 12.00
# Visual Studio 15
VisualStudioVersion = 15.0.28307.489
MinimumVisualStudioVersion = 10.0.40219.1
Project("{FAE04EC0-301F-11D3-BF4B-00C04F79EFBC}") = "Entidades", "Entidades\Entidades.csproj", "{94597C66-17AF-4223-BC92-C5BEC8367E54}"
EndProject
Project("{FAE04EC0-301F-11D3-BF4B-00C04F79EFBC}") = "MiCalculadora", "MiCalculadora\MiCalculadora.csproj", "{9FFB6C33-6163-4AA4-8459-C907A12F84E4}"
EndProject
Global
	GlobalSection(SolutionConfigurationPlatforms) = preSolution
		Debug|Any CPU = Debug|Any CPU
		Release|Any CPU = Release|Any CPU
	EndGlobalSection
	GlobalSection(ProjectConfigurationPlatforms) = postSolution
		{94597C66-17AF-4223-BC92-C5BEC8367E54}.Debug|Any CPU.ActiveCfg = Debug|Any CPU
		{94597C66-17AF-4223-BC92-C5BEC8367E54}.Debug|Any CPU.Build.0 = Debug|Any CPU
		{94597C66-17AF-4223-BC92-C5BEC8367E54}.Release|Any CPU.ActiveCfg = Release|Any CPU
		{94597C66-17AF-4223-BC92-C5BEC8367E54}.Release|Any CPU.Build.0 = Release|Any CPU
		{9FFB6C33-6163-4AA4-8459-C907A12F84E4}.Debug|Any CPU.ActiveCfg = Debug|Any CPU
		{9FFB6C33-6163-4AA4-8459-C907A12F84E4}.Debug|Any CPU.Build.0 = Debug|Any CPU
		{9FFB6C33-6163-4AA4-8459-C907A12F84E4}.Release|Any CPU.ActiveCfg = Release|Any CPU
		{9FFB6C33-6163-4AA4-8459-C907A12F84E4}.Release|Any CPU.Build.0 = Release|Any CPU
	EndGlobalSection
	GlobalSection(SolutionProperties) = preSolution
		HideSolutionNode = FALSE
	EndGlobalSection
	GlobalSection(ExtensibilityGlobals) = postSolution
		SolutionGuid = {E976C363-F3A9-4504-8920-1E12F857E56D}
	EndGlobalSection
EndGlobal
