
Microsoft Visual Studio Solution File, Format Version 12.00
# Visual Studio Version 16
VisualStudioVersion = 16.0.28803.452
MinimumVisualStudioVersion = 10.0.40219.1
Project("{9A19103F-16F7-4668-BE54-9A1E7A4F7556}") = "UniTest1", "UniTest1\UniTest1.csproj", "{DE010660-0AB0-4D34-A517-5F8B17E2359B}"
EndProject
Project("{FAE04EC0-301F-11D3-BF4B-00C04F79EFBC}") = "MainCorreo", "MainCorreo\MainCorreo.csproj", "{4E8F9B83-2B61-49B8-8FC7-0498016E0DD1}"
EndProject
Project("{FAE04EC0-301F-11D3-BF4B-00C04F79EFBC}") = "Entidades", "Entidades\Entidades.csproj", "{44B8701A-2B44-47F3-A221-5B8AFCB95D58}"
EndProject
Global
	GlobalSection(SolutionConfigurationPlatforms) = preSolution
		Debug|Any CPU = Debug|Any CPU
		Release|Any CPU = Release|Any CPU
	EndGlobalSection
	GlobalSection(ProjectConfigurationPlatforms) = postSolution
		{DE010660-0AB0-4D34-A517-5F8B17E2359B}.Debug|Any CPU.ActiveCfg = Debug|Any CPU
		{DE010660-0AB0-4D34-A517-5F8B17E2359B}.Debug|Any CPU.Build.0 = Debug|Any CPU
		{DE010660-0AB0-4D34-A517-5F8B17E2359B}.Release|Any CPU.ActiveCfg = Release|Any CPU
		{DE010660-0AB0-4D34-A517-5F8B17E2359B}.Release|Any CPU.Build.0 = Release|Any CPU
		{4E8F9B83-2B61-49B8-8FC7-0498016E0DD1}.Debug|Any CPU.ActiveCfg = Debug|Any CPU
		{4E8F9B83-2B61-49B8-8FC7-0498016E0DD1}.Debug|Any CPU.Build.0 = Debug|Any CPU
		{4E8F9B83-2B61-49B8-8FC7-0498016E0DD1}.Release|Any CPU.ActiveCfg = Release|Any CPU
		{4E8F9B83-2B61-49B8-8FC7-0498016E0DD1}.Release|Any CPU.Build.0 = Release|Any CPU
		{44B8701A-2B44-47F3-A221-5B8AFCB95D58}.Debug|Any CPU.ActiveCfg = Debug|Any CPU
		{44B8701A-2B44-47F3-A221-5B8AFCB95D58}.Debug|Any CPU.Build.0 = Debug|Any CPU
		{44B8701A-2B44-47F3-A221-5B8AFCB95D58}.Release|Any CPU.ActiveCfg = Release|Any CPU
		{44B8701A-2B44-47F3-A221-5B8AFCB95D58}.Release|Any CPU.Build.0 = Release|Any CPU
	EndGlobalSection
	GlobalSection(SolutionProperties) = preSolution
		HideSolutionNode = FALSE
	EndGlobalSection
	GlobalSection(ExtensibilityGlobals) = postSolution
		SolutionGuid = {2F90B1DE-7152-41F3-916E-65AEA7BBC40C}
	EndGlobalSection
EndGlobal
